
Microsoft Visual Studio Solution File, Format Version 12.00
# Visual Studio Version 17
VisualStudioVersion = 17.3.32825.248
MinimumVisualStudioVersion = 10.0.40219.1
Project("{9A19103F-16F7-4668-BE54-9A1E7A4F7556}") = "WebBlazor2AllOption.Server", "WebBlazor2AllOption\Server\WebBlazor2AllOption.Server.csproj", "{789F3F9A-C8BC-4075-8842-B78ABF23DA2D}"
EndProject
Project("{9A19103F-16F7-4668-BE54-9A1E7A4F7556}") = "WebBlazor2AllOption.Client", "WebBlazor2AllOption\Client\WebBlazor2AllOption.Client.csproj", "{12FBD7CD-2BDA-47C5-A7B6-C282DA232E68}"
EndProject
Project("{9A19103F-16F7-4668-BE54-9A1E7A4F7556}") = "WebBlazor2AllOption.Shared", "WebBlazor2AllOption\Shared\WebBlazor2AllOption.Shared.csproj", "{14344160-646D-4F81-A5C8-3F496A22044C}"
EndProject
Global
	GlobalSection(SolutionConfigurationPlatforms) = preSolution
		Debug|Any CPU = Debug|Any CPU
		Release|Any CPU = Release|Any CPU
	EndGlobalSection
	GlobalSection(ProjectConfigurationPlatforms) = postSolution
		{789F3F9A-C8BC-4075-8842-B78ABF23DA2D}.Debug|Any CPU.ActiveCfg = Debug|Any CPU
		{789F3F9A-C8BC-4075-8842-B78ABF23DA2D}.Debug|Any CPU.Build.0 = Debug|Any CPU
		{789F3F9A-C8BC-4075-8842-B78ABF23DA2D}.Release|Any CPU.ActiveCfg = Release|Any CPU
		{789F3F9A-C8BC-4075-8842-B78ABF23DA2D}.Release|Any CPU.Build.0 = Release|Any CPU
		{12FBD7CD-2BDA-47C5-A7B6-C282DA232E68}.Debug|Any CPU.ActiveCfg = Debug|Any CPU
		{12FBD7CD-2BDA-47C5-A7B6-C282DA232E68}.Debug|Any CPU.Build.0 = Debug|Any CPU
		{12FBD7CD-2BDA-47C5-A7B6-C282DA232E68}.Release|Any CPU.ActiveCfg = Release|Any CPU
		{12FBD7CD-2BDA-47C5-A7B6-C282DA232E68}.Release|Any CPU.Build.0 = Release|Any CPU
		{14344160-646D-4F81-A5C8-3F496A22044C}.Debug|Any CPU.ActiveCfg = Debug|Any CPU
		{14344160-646D-4F81-A5C8-3F496A22044C}.Debug|Any CPU.Build.0 = Debug|Any CPU
		{14344160-646D-4F81-A5C8-3F496A22044C}.Release|Any CPU.ActiveCfg = Release|Any CPU
		{14344160-646D-4F81-A5C8-3F496A22044C}.Release|Any CPU.Build.0 = Release|Any CPU
	EndGlobalSection
	GlobalSection(SolutionProperties) = preSolution
		HideSolutionNode = FALSE
	EndGlobalSection
	GlobalSection(ExtensibilityGlobals) = postSolution
		SolutionGuid = {FCD4153A-70B3-4A6B-95C6-BFB49D215583}
	EndGlobalSection
EndGlobal
